// !$*UTF8*$!
{
	archiveVersion = 1;
	classes = {
	};
	objectVersion = 55;
	objects = {

/* Begin PBXBuildFile section */
		3C638E239F99401D40FCCF04 /* Pods_Eureka.framework in Frameworks */ = {isa = PBXBuildFile; fileRef = AD6178333B657027E5B9422F /* Pods_Eureka.framework */; };
		B98BBBC8287BE28900A72257 /* EurekaApp.swift in Sources */ = {isa = PBXBuildFile; fileRef = B98BBBC7287BE28900A72257 /* EurekaApp.swift */; };
		B98BBBCA287BE28900A72257 /* ContentView.swift in Sources */ = {isa = PBXBuildFile; fileRef = B98BBBC9287BE28900A72257 /* ContentView.swift */; };
		B98BBBCC287BE28B00A72257 /* Assets.xcassets in Resources */ = {isa = PBXBuildFile; fileRef = B98BBBCB287BE28B00A72257 /* Assets.xcassets */; };
		B98BBBCF287BE28B00A72257 /* Preview Assets.xcassets in Resources */ = {isa = PBXBuildFile; fileRef = B98BBBCE287BE28B00A72257 /* Preview Assets.xcassets */; };
		B9E64099288BED9600A0C943 /* customTabView.swift in Sources */ = {isa = PBXBuildFile; fileRef = B9E64095288BED9600A0C943 /* customTabView.swift */; };
		B9E6409A288BED9600A0C943 /* ReplaceView.swift in Sources */ = {isa = PBXBuildFile; fileRef = B9E64096288BED9600A0C943 /* ReplaceView.swift */; };
		B9E6409B288BED9600A0C943 /* ExpireDateView.swift in Sources */ = {isa = PBXBuildFile; fileRef = B9E64097288BED9600A0C943 /* ExpireDateView.swift */; };
		B9E6409C288BED9600A0C943 /* MainView.swift in Sources */ = {isa = PBXBuildFile; fileRef = B9E64098288BED9600A0C943 /* MainView.swift */; };
		B9E640A3288BEDDA00A0C943 /* IngredientAPI.swift in Sources */ = {isa = PBXBuildFile; fileRef = B9E6409E288BEDDA00A0C943 /* IngredientAPI.swift */; };
		B9E640A5288BEDDA00A0C943 /* IngerdientModel.swift in Sources */ = {isa = PBXBuildFile; fileRef = B9E640A0288BEDDA00A0C943 /* IngerdientModel.swift */; };
		B9E640A6288BEDDA00A0C943 /* MoyaAPI.swift in Sources */ = {isa = PBXBuildFile; fileRef = B9E640A1288BEDDA00A0C943 /* MoyaAPI.swift */; };
		B9E640A7288BEDDA00A0C943 /* recipeModel.swift in Sources */ = {isa = PBXBuildFile; fileRef = B9E640A2288BEDDA00A0C943 /* recipeModel.swift */; };
		B9E640A9288BF4A900A0C943 /* sampleData.swift in Sources */ = {isa = PBXBuildFile; fileRef = B9E640A8288BF4A900A0C943 /* sampleData.swift */; };
/* End PBXBuildFile section */

/* Begin PBXFileReference section */
		6E869B50A14055ABC3E2D4A5 /* Pods-Eureka.debug.xcconfig */ = {isa = PBXFileReference; includeInIndex = 1; lastKnownFileType = text.xcconfig; name = "Pods-Eureka.debug.xcconfig"; path = "Target Support Files/Pods-Eureka/Pods-Eureka.debug.xcconfig"; sourceTree = "<group>"; };
		AD6178333B657027E5B9422F /* Pods_Eureka.framework */ = {isa = PBXFileReference; explicitFileType = wrapper.framework; includeInIndex = 0; path = Pods_Eureka.framework; sourceTree = BUILT_PRODUCTS_DIR; };
		B98BBBC4287BE28900A72257 /* Eureka.app */ = {isa = PBXFileReference; explicitFileType = wrapper.application; includeInIndex = 0; path = Eureka.app; sourceTree = BUILT_PRODUCTS_DIR; };
		B98BBBC7287BE28900A72257 /* EurekaApp.swift */ = {isa = PBXFileReference; lastKnownFileType = sourcecode.swift; path = EurekaApp.swift; sourceTree = "<group>"; };
		B98BBBC9287BE28900A72257 /* ContentView.swift */ = {isa = PBXFileReference; lastKnownFileType = sourcecode.swift; path = ContentView.swift; sourceTree = "<group>"; };
		B98BBBCB287BE28B00A72257 /* Assets.xcassets */ = {isa = PBXFileReference; lastKnownFileType = folder.assetcatalog; path = Assets.xcassets; sourceTree = "<group>"; };
		B98BBBCE287BE28B00A72257 /* Preview Assets.xcassets */ = {isa = PBXFileReference; lastKnownFileType = folder.assetcatalog; path = "Preview Assets.xcassets"; sourceTree = "<group>"; };
		B9E64095288BED9600A0C943 /* customTabView.swift */ = {isa = PBXFileReference; fileEncoding = 4; lastKnownFileType = sourcecode.swift; path = customTabView.swift; sourceTree = "<group>"; };
		B9E64096288BED9600A0C943 /* ReplaceView.swift */ = {isa = PBXFileReference; fileEncoding = 4; lastKnownFileType = sourcecode.swift; path = ReplaceView.swift; sourceTree = "<group>"; };
		B9E64097288BED9600A0C943 /* ExpireDateView.swift */ = {isa = PBXFileReference; fileEncoding = 4; lastKnownFileType = sourcecode.swift; path = ExpireDateView.swift; sourceTree = "<group>"; };
		B9E64098288BED9600A0C943 /* MainView.swift */ = {isa = PBXFileReference; fileEncoding = 4; lastKnownFileType = sourcecode.swift; path = MainView.swift; sourceTree = "<group>"; };
		B9E6409E288BEDDA00A0C943 /* IngredientAPI.swift */ = {isa = PBXFileReference; fileEncoding = 4; lastKnownFileType = sourcecode.swift; path = IngredientAPI.swift; sourceTree = "<group>"; };
		B9E640A0288BEDDA00A0C943 /* IngerdientModel.swift */ = {isa = PBXFileReference; fileEncoding = 4; lastKnownFileType = sourcecode.swift; path = IngerdientModel.swift; sourceTree = "<group>"; };
		B9E640A1288BEDDA00A0C943 /* MoyaAPI.swift */ = {isa = PBXFileReference; fileEncoding = 4; lastKnownFileType = sourcecode.swift; path = MoyaAPI.swift; sourceTree = "<group>"; };
		B9E640A2288BEDDA00A0C943 /* recipeModel.swift */ = {isa = PBXFileReference; fileEncoding = 4; lastKnownFileType = sourcecode.swift; path = recipeModel.swift; sourceTree = "<group>"; };
		B9E640A8288BF4A900A0C943 /* sampleData.swift */ = {isa = PBXFileReference; lastKnownFileType = sourcecode.swift; path = sampleData.swift; sourceTree = "<group>"; };
		F41597E0EB1F34FBE8ECE86B /* Pods-Eureka.release.xcconfig */ = {isa = PBXFileReference; includeInIndex = 1; lastKnownFileType = text.xcconfig; name = "Pods-Eureka.release.xcconfig"; path = "Target Support Files/Pods-Eureka/Pods-Eureka.release.xcconfig"; sourceTree = "<group>"; };
/* End PBXFileReference section */

/* Begin PBXFrameworksBuildPhase section */
		B98BBBC1287BE28900A72257 /* Frameworks */ = {
			isa = PBXFrameworksBuildPhase;
			buildActionMask = 2147483647;
			files = (
				3C638E239F99401D40FCCF04 /* Pods_Eureka.framework in Frameworks */,
			);
			runOnlyForDeploymentPostprocessing = 0;
		};
/* End PBXFrameworksBuildPhase section */

/* Begin PBXGroup section */
		52AA90B704A1B38C58788A8E /* Pods */ = {
			isa = PBXGroup;
			children = (
				6E869B50A14055ABC3E2D4A5 /* Pods-Eureka.debug.xcconfig */,
				F41597E0EB1F34FBE8ECE86B /* Pods-Eureka.release.xcconfig */,
			);
			path = Pods;
			sourceTree = "<group>";
		};
		B340C0F1C68E7809A16DC79A /* Frameworks */ = {
			isa = PBXGroup;
			children = (
				AD6178333B657027E5B9422F /* Pods_Eureka.framework */,
			);
			name = Frameworks;
			sourceTree = "<group>";
		};
		B95691FC287E8F2900719602 /* ViewModel */ = {
			isa = PBXGroup;
			children = (
			);
			path = ViewModel;
			sourceTree = "<group>";
		};
		B98BBBBB287BE28900A72257 = {
			isa = PBXGroup;
			children = (
				B98BBBC6287BE28900A72257 /* Eureka */,
				B98BBBC5287BE28900A72257 /* Products */,
				52AA90B704A1B38C58788A8E /* Pods */,
				B340C0F1C68E7809A16DC79A /* Frameworks */,
			);
			sourceTree = "<group>";
		};
		B98BBBC5287BE28900A72257 /* Products */ = {
			isa = PBXGroup;
			children = (
				B98BBBC4287BE28900A72257 /* Eureka.app */,
			);
			name = Products;
			sourceTree = "<group>";
		};
		B98BBBC6287BE28900A72257 /* Eureka */ = {
			isa = PBXGroup;
			children = (
				B98BBBC7287BE28900A72257 /* EurekaApp.swift */,
				B98BBBC9287BE28900A72257 /* ContentView.swift */,
				B9E640A8288BF4A900A0C943 /* sampleData.swift */,
				B98BBBCB287BE28B00A72257 /* Assets.xcassets */,
				B9E6409D288BEDDA00A0C943 /* Model */,
				B9E64094288BED9600A0C943 /* View */,
				B95691FC287E8F2900719602 /* ViewModel */,
				B98BBBCD287BE28B00A72257 /* Preview Content */,
			);
			path = Eureka;
			sourceTree = "<group>";
		};
		B98BBBCD287BE28B00A72257 /* Preview Content */ = {
			isa = PBXGroup;
			children = (
				B98BBBCE287BE28B00A72257 /* Preview Assets.xcassets */,
			);
			path = "Preview Content";
			sourceTree = "<group>";
		};
		B9E64094288BED9600A0C943 /* View */ = {
			isa = PBXGroup;
			children = (
				B9E64095288BED9600A0C943 /* customTabView.swift */,
				B9E64096288BED9600A0C943 /* ReplaceView.swift */,
				B9E64097288BED9600A0C943 /* ExpireDateView.swift */,
				B9E64098288BED9600A0C943 /* MainView.swift */,
			);
			path = View;
			sourceTree = "<group>";
		};
		B9E6409D288BEDDA00A0C943 /* Model */ = {
			isa = PBXGroup;
			children = (
				B9E6409E288BEDDA00A0C943 /* IngredientAPI.swift */,
				B9E640A0288BEDDA00A0C943 /* IngerdientModel.swift */,
				B9E640A1288BEDDA00A0C943 /* MoyaAPI.swift */,
				B9E640A2288BEDDA00A0C943 /* recipeModel.swift */,
			);
			path = Model;
			sourceTree = "<group>";
		};
/* End PBXGroup section */

/* Begin PBXNativeTarget section */
		B98BBBC3287BE28900A72257 /* Eureka */ = {
			isa = PBXNativeTarget;
			buildConfigurationList = B98BBBD2287BE28B00A72257 /* Build configuration list for PBXNativeTarget "Eureka" */;
			buildPhases = (
				0F31BF164CCA6E5BBB18226F /* [CP] Check Pods Manifest.lock */,
				B98BBBC0287BE28900A72257 /* Sources */,
				B98BBBC1287BE28900A72257 /* Frameworks */,
				B98BBBC2287BE28900A72257 /* Resources */,
				94B7FAF04BBD0B5BF7D2368F /* [CP] Embed Pods Frameworks */,
			);
			buildRules = (
			);
			dependencies = (
			);
			name = Eureka;
			productName = Eureka;
			productReference = B98BBBC4287BE28900A72257 /* Eureka.app */;
			productType = "com.apple.product-type.application";
		};
/* End PBXNativeTarget section */

/* Begin PBXProject section */
		B98BBBBC287BE28900A72257 /* Project object */ = {
			isa = PBXProject;
			attributes = {
				BuildIndependentTargetsInParallel = 1;
				LastSwiftUpdateCheck = 1340;
				LastUpgradeCheck = 1340;
				TargetAttributes = {
					B98BBBC3287BE28900A72257 = {
						CreatedOnToolsVersion = 13.4.1;
					};
				};
			};
			buildConfigurationList = B98BBBBF287BE28900A72257 /* Build configuration list for PBXProject "Eureka" */;
			compatibilityVersion = "Xcode 13.0";
			developmentRegion = en;
			hasScannedForEncodings = 0;
			knownRegions = (
				en,
				Base,
			);
			mainGroup = B98BBBBB287BE28900A72257;
			productRefGroup = B98BBBC5287BE28900A72257 /* Products */;
			projectDirPath = "";
			projectRoot = "";
			targets = (
				B98BBBC3287BE28900A72257 /* Eureka */,
			);
		};
/* End PBXProject section */

/* Begin PBXResourcesBuildPhase section */
		B98BBBC2287BE28900A72257 /* Resources */ = {
			isa = PBXResourcesBuildPhase;
			buildActionMask = 2147483647;
			files = (
				B98BBBCF287BE28B00A72257 /* Preview Assets.xcassets in Resources */,
				B98BBBCC287BE28B00A72257 /* Assets.xcassets in Resources */,
			);
			runOnlyForDeploymentPostprocessing = 0;
		};
/* End PBXResourcesBuildPhase section */

/* Begin PBXShellScriptBuildPhase section */
		0F31BF164CCA6E5BBB18226F /* [CP] Check Pods Manifest.lock */ = {
			isa = PBXShellScriptBuildPhase;
			buildActionMask = 2147483647;
			files = (
			);
			inputFileListPaths = (
			);
			inputPaths = (
				"${PODS_PODFILE_DIR_PATH}/Podfile.lock",
				"${PODS_ROOT}/Manifest.lock",
			);
			name = "[CP] Check Pods Manifest.lock";
			outputFileListPaths = (
			);
			outputPaths = (
				"$(DERIVED_FILE_DIR)/Pods-Eureka-checkManifestLockResult.txt",
			);
			runOnlyForDeploymentPostprocessing = 0;
			shellPath = /bin/sh;
			shellScript = "diff \"${PODS_PODFILE_DIR_PATH}/Podfile.lock\" \"${PODS_ROOT}/Manifest.lock\" > /dev/null\nif [ $? != 0 ] ; then\n    # print error to STDERR\n    echo \"error: The sandbox is not in sync with the Podfile.lock. Run 'pod install' or update your CocoaPods installation.\" >&2\n    exit 1\nfi\n# This output is used by Xcode 'outputs' to avoid re-running this script phase.\necho \"SUCCESS\" > \"${SCRIPT_OUTPUT_FILE_0}\"\n";
			showEnvVarsInLog = 0;
		};
		94B7FAF04BBD0B5BF7D2368F /* [CP] Embed Pods Frameworks */ = {
			isa = PBXShellScriptBuildPhase;
			buildActionMask = 2147483647;
			files = (
			);
			inputFileListPaths = (
				"${PODS_ROOT}/Target Support Files/Pods-Eureka/Pods-Eureka-frameworks-${CONFIGURATION}-input-files.xcfilelist",
			);
			name = "[CP] Embed Pods Frameworks";
			outputFileListPaths = (
				"${PODS_ROOT}/Target Support Files/Pods-Eureka/Pods-Eureka-frameworks-${CONFIGURATION}-output-files.xcfilelist",
			);
			runOnlyForDeploymentPostprocessing = 0;
			shellPath = /bin/sh;
			shellScript = "\"${PODS_ROOT}/Target Support Files/Pods-Eureka/Pods-Eureka-frameworks.sh\"\n";
			showEnvVarsInLog = 0;
		};
/* End PBXShellScriptBuildPhase section */

/* Begin PBXSourcesBuildPhase section */
		B98BBBC0287BE28900A72257 /* Sources */ = {
			isa = PBXSourcesBuildPhase;
			buildActionMask = 2147483647;
			files = (
				B98BBBCA287BE28900A72257 /* ContentView.swift in Sources */,
				B9E6409C288BED9600A0C943 /* MainView.swift in Sources */,
				B98BBBC8287BE28900A72257 /* EurekaApp.swift in Sources */,
				B9E640A6288BEDDA00A0C943 /* MoyaAPI.swift in Sources */,
				B9E6409A288BED9600A0C943 /* ReplaceView.swift in Sources */,
				B9E6409B288BED9600A0C943 /* ExpireDateView.swift in Sources */,
				B9E640A7288BEDDA00A0C943 /* recipeModel.swift in Sources */,
				B9E640A9288BF4A900A0C943 /* sampleData.swift in Sources */,
				B9E64099288BED9600A0C943 /* customTabView.swift in Sources */,
				B9E640A5288BEDDA00A0C943 /* IngerdientModel.swift in Sources */,
				B9E640A3288BEDDA00A0C943 /* IngredientAPI.swift in Sources */,
			);
			runOnlyForDeploymentPostprocessing = 0;
		};
/* End PBXSourcesBuildPhase section */

/* Begin XCBuildConfiguration section */
		B98BBBD0287BE28B00A72257 /* Debug */ = {
			isa = XCBuildConfiguration;
			buildSettings = {
				ALWAYS_SEARCH_USER_PATHS = NO;
				CLANG_ANALYZER_NONNULL = YES;
				CLANG_ANALYZER_NUMBER_OBJECT_CONVERSION = YES_AGGRESSIVE;
				CLANG_CXX_LANGUAGE_STANDARD = "gnu++17";
				CLANG_ENABLE_MODULES = YES;
				CLANG_ENABLE_OBJC_ARC = YES;
				CLANG_ENABLE_OBJC_WEAK = YES;
				CLANG_WARN_BLOCK_CAPTURE_AUTORELEASING = YES;
				CLANG_WARN_BOOL_CONVERSION = YES;
				CLANG_WARN_COMMA = YES;
				CLANG_WARN_CONSTANT_CONVERSION = YES;
				CLANG_WARN_DEPRECATED_OBJC_IMPLEMENTATIONS = YES;
				CLANG_WARN_DIRECT_OBJC_ISA_USAGE = YES_ERROR;
				CLANG_WARN_DOCUMENTATION_COMMENTS = YES;
				CLANG_WARN_EMPTY_BODY = YES;
				CLANG_WARN_ENUM_CONVERSION = YES;
				CLANG_WARN_INFINITE_RECURSION = YES;
				CLANG_WARN_INT_CONVERSION = YES;
				CLANG_WARN_NON_LITERAL_NULL_CONVERSION = YES;
				CLANG_WARN_OBJC_IMPLICIT_RETAIN_SELF = YES;
				CLANG_WARN_OBJC_LITERAL_CONVERSION = YES;
				CLANG_WARN_OBJC_ROOT_CLASS = YES_ERROR;
				CLANG_WARN_QUOTED_INCLUDE_IN_FRAMEWORK_HEADER = YES;
				CLANG_WARN_RANGE_LOOP_ANALYSIS = YES;
				CLANG_WARN_STRICT_PROTOTYPES = YES;
				CLANG_WARN_SUSPICIOUS_MOVE = YES;
				CLANG_WARN_UNGUARDED_AVAILABILITY = YES_AGGRESSIVE;
				CLANG_WARN_UNREACHABLE_CODE = YES;
				CLANG_WARN__DUPLICATE_METHOD_MATCH = YES;
				COPY_PHASE_STRIP = NO;
				DEBUG_INFORMATION_FORMAT = dwarf;
				ENABLE_STRICT_OBJC_MSGSEND = YES;
				ENABLE_TESTABILITY = YES;
				GCC_C_LANGUAGE_STANDARD = gnu11;
				GCC_DYNAMIC_NO_PIC = NO;
				GCC_NO_COMMON_BLOCKS = YES;
				GCC_OPTIMIZATION_LEVEL = 0;
				GCC_PREPROCESSOR_DEFINITIONS = (
					"DEBUG=1",
					"$(inherited)",
				);
				GCC_WARN_64_TO_32_BIT_CONVERSION = YES;
				GCC_WARN_ABOUT_RETURN_TYPE = YES_ERROR;
				GCC_WARN_UNDECLARED_SELECTOR = YES;
				GCC_WARN_UNINITIALIZED_AUTOS = YES_AGGRESSIVE;
				GCC_WARN_UNUSED_FUNCTION = YES;
				GCC_WARN_UNUSED_VARIABLE = YES;
				IPHONEOS_DEPLOYMENT_TARGET = 15.5;
				MTL_ENABLE_DEBUG_INFO = INCLUDE_SOURCE;
				MTL_FAST_MATH = YES;
				ONLY_ACTIVE_ARCH = YES;
				SDKROOT = iphoneos;
				SWIFT_ACTIVE_COMPILATION_CONDITIONS = DEBUG;
				SWIFT_OPTIMIZATION_LEVEL = "-Onone";
			};
			name = Debug;
		};
		B98BBBD1287BE28B00A72257 /* Release */ = {
			isa = XCBuildConfiguration;
			buildSettings = {
				ALWAYS_SEARCH_USER_PATHS = NO;
				CLANG_ANALYZER_NONNULL = YES;
				CLANG_ANALYZER_NUMBER_OBJECT_CONVERSION = YES_AGGRESSIVE;
				CLANG_CXX_LANGUAGE_STANDARD = "gnu++17";
				CLANG_ENABLE_MODULES = YES;
				CLANG_ENABLE_OBJC_ARC = YES;
				CLANG_ENABLE_OBJC_WEAK = YES;
				CLANG_WARN_BLOCK_CAPTURE_AUTORELEASING = YES;
				CLANG_WARN_BOOL_CONVERSION = YES;
				CLANG_WARN_COMMA = YES;
				CLANG_WARN_CONSTANT_CONVERSION = YES;
				CLANG_WARN_DEPRECATED_OBJC_IMPLEMENTATIONS = YES;
				CLANG_WARN_DIRECT_OBJC_ISA_USAGE = YES_ERROR;
				CLANG_WARN_DOCUMENTATION_COMMENTS = YES;
				CLANG_WARN_EMPTY_BODY = YES;
				CLANG_WARN_ENUM_CONVERSION = YES;
				CLANG_WARN_INFINITE_RECURSION = YES;
				CLANG_WARN_INT_CONVERSION = YES;
				CLANG_WARN_NON_LITERAL_NULL_CONVERSION = YES;
				CLANG_WARN_OBJC_IMPLICIT_RETAIN_SELF = YES;
				CLANG_WARN_OBJC_LITERAL_CONVERSION = YES;
				CLANG_WARN_OBJC_ROOT_CLASS = YES_ERROR;
				CLANG_WARN_QUOTED_INCLUDE_IN_FRAMEWORK_HEADER = YES;
				CLANG_WARN_RANGE_LOOP_ANALYSIS = YES;
				CLANG_WARN_STRICT_PROTOTYPES = YES;
				CLANG_WARN_SUSPICIOUS_MOVE = YES;
				CLANG_WARN_UNGUARDED_AVAILABILITY = YES_AGGRESSIVE;
				CLANG_WARN_UNREACHABLE_CODE = YES;
				CLANG_WARN__DUPLICATE_METHOD_MATCH = YES;
				COPY_PHASE_STRIP = NO;
				DEBUG_INFORMATION_FORMAT = "dwarf-with-dsym";
				ENABLE_NS_ASSERTIONS = NO;
				ENABLE_STRICT_OBJC_MSGSEND = YES;
				GCC_C_LANGUAGE_STANDARD = gnu11;
				GCC_NO_COMMON_BLOCKS = YES;
				GCC_WARN_64_TO_32_BIT_CONVERSION = YES;
				GCC_WARN_ABOUT_RETURN_TYPE = YES_ERROR;
				GCC_WARN_UNDECLARED_SELECTOR = YES;
				GCC_WARN_UNINITIALIZED_AUTOS = YES_AGGRESSIVE;
				GCC_WARN_UNUSED_FUNCTION = YES;
				GCC_WARN_UNUSED_VARIABLE = YES;
				IPHONEOS_DEPLOYMENT_TARGET = 15.5;
				MTL_ENABLE_DEBUG_INFO = NO;
				MTL_FAST_MATH = YES;
				SDKROOT = iphoneos;
				SWIFT_COMPILATION_MODE = wholemodule;
				SWIFT_OPTIMIZATION_LEVEL = "-O";
				VALIDATE_PRODUCT = YES;
			};
			name = Release;
		};
		B98BBBD3287BE28B00A72257 /* Debug */ = {
			isa = XCBuildConfiguration;
			baseConfigurationReference = 6E869B50A14055ABC3E2D4A5 /* Pods-Eureka.debug.xcconfig */;
			buildSettings = {
				ASSETCATALOG_COMPILER_APPICON_NAME = AppIcon;
				ASSETCATALOG_COMPILER_GLOBAL_ACCENT_COLOR_NAME = AccentColor;
				CODE_SIGN_STYLE = Automatic;
				CURRENT_PROJECT_VERSION = 1;
				DEVELOPMENT_ASSET_PATHS = "\"Eureka/Preview Content\"";
				DEVELOPMENT_TEAM = PF6QF5WXTK;
				ENABLE_PREVIEWS = YES;
				GENERATE_INFOPLIST_FILE = YES;
				INFOPLIST_KEY_UIApplicationSceneManifest_Generation = YES;
				INFOPLIST_KEY_UIApplicationSupportsIndirectInputEvents = YES;
				INFOPLIST_KEY_UILaunchScreen_Generation = YES;
				INFOPLIST_KEY_UISupportedInterfaceOrientations_iPad = "UIInterfaceOrientationPortrait UIInterfaceOrientationPortraitUpsideDown UIInterfaceOrientationLandscapeLeft UIInterfaceOrientationLandscapeRight";
				INFOPLIST_KEY_UISupportedInterfaceOrientations_iPhone = "UIInterfaceOrientationPortrait UIInterfaceOrientationLandscapeLeft UIInterfaceOrientationLandscapeRight";
				LD_RUNPATH_SEARCH_PATHS = (
					"$(inherited)",
					"@executable_path/Frameworks",
				);
				MARKETING_VERSION = 1.0;
				PRODUCT_BUNDLE_IDENTIFIER = soma13.teamProject.Eureka;
				PRODUCT_NAME = "$(TARGET_NAME)";
				SWIFT_EMIT_LOC_STRINGS = YES;
				SWIFT_VERSION = 5.0;
				TARGETED_DEVICE_FAMILY = "1,2";
			};
			name = Debug;
		};
		B98BBBD4287BE28B00A72257 /* Release */ = {
			isa = XCBuildConfiguration;
			baseConfigurationReference = F41597E0EB1F34FBE8ECE86B /* Pods-Eureka.release.xcconfig */;
			buildSettings = {
				ASSETCATALOG_COMPILER_APPICON_NAME = AppIcon;
				ASSETCATALOG_COMPILER_GLOBAL_ACCENT_COLOR_NAME = AccentColor;
				CODE_SIGN_STYLE = Automatic;
				CURRENT_PROJECT_VERSION = 1;
				DEVELOPMENT_ASSET_PATHS = "\"Eureka/Preview Content\"";
				DEVELOPMENT_TEAM = PF6QF5WXTK;
				ENABLE_PREVIEWS = YES;
				GENERATE_INFOPLIST_FILE = YES;
				INFOPLIST_KEY_UIApplicationSceneManifest_Generation = YES;
				INFOPLIST_KEY_UIApplicationSupportsIndirectInputEvents = YES;
				INFOPLIST_KEY_UILaunchScreen_Generation = YES;
				INFOPLIST_KEY_UISupportedInterfaceOrientations_iPad = "UIInterfaceOrientationPortrait UIInterfaceOrientationPortraitUpsideDown UIInterfaceOrientationLandscapeLeft UIInterfaceOrientationLandscapeRight";
				INFOPLIST_KEY_UISupportedInterfaceOrientations_iPhone = "UIInterfaceOrientationPortrait UIInterfaceOrientationLandscapeLeft UIInterfaceOrientationLandscapeRight";
				LD_RUNPATH_SEARCH_PATHS = (
					"$(inherited)",
					"@executable_path/Frameworks",
				);
				MARKETING_VERSION = 1.0;
				PRODUCT_BUNDLE_IDENTIFIER = soma13.teamProject.Eureka;
				PRODUCT_NAME = "$(TARGET_NAME)";
				SWIFT_EMIT_LOC_STRINGS = YES;
				SWIFT_VERSION = 5.0;
				TARGETED_DEVICE_FAMILY = "1,2";
			};
			name = Release;
		};
/* End XCBuildConfiguration section */

/* Begin XCConfigurationList section */
		B98BBBBF287BE28900A72257 /* Build configuration list for PBXProject "Eureka" */ = {
			isa = XCConfigurationList;
			buildConfigurations = (
				B98BBBD0287BE28B00A72257 /* Debug */,
				B98BBBD1287BE28B00A72257 /* Release */,
			);
			defaultConfigurationIsVisible = 0;
			defaultConfigurationName = Release;
		};
		B98BBBD2287BE28B00A72257 /* Build configuration list for PBXNativeTarget "Eureka" */ = {
			isa = XCConfigurationList;
			buildConfigurations = (
				B98BBBD3287BE28B00A72257 /* Debug */,
				B98BBBD4287BE28B00A72257 /* Release */,
			);
			defaultConfigurationIsVisible = 0;
			defaultConfigurationName = Release;
		};
/* End XCConfigurationList section */
	};
	rootObject = B98BBBBC287BE28900A72257 /* Project object */;
}
