// !$*UTF8*$!
{
	archiveVersion = 1;
	classes = {
	};
	objectVersion = 55;
	objects = {

/* Begin PBXBuildFile section */
		3C638E239F99401D40FCCF04 /* Pods_Eureka.framework in Frameworks */ = {isa = PBXBuildFile; fileRef = AD6178333B657027E5B9422F /* Pods_Eureka.framework */; };
		B90B477128C1C8B900218C65 /* SignInWithAppleDelegate.swift in Sources */ = {isa = PBXBuildFile; fileRef = B90B477028C1C8B900218C65 /* SignInWithAppleDelegate.swift */; };
		B919622E288E9E3500B0EE99 /* .gitignore in Resources */ = {isa = PBXBuildFile; fileRef = B919622D288E9E3500B0EE99 /* .gitignore */; };
		B9230AAC289FED1C00F7C7D2 /* DateForm.swift in Sources */ = {isa = PBXBuildFile; fileRef = B9230AAB289FED1C00F7C7D2 /* DateForm.swift */; };
		B9230AAE28A0F1FD00F7C7D2 /* LoadingView.swift in Sources */ = {isa = PBXBuildFile; fileRef = B9230AAD28A0F1FD00F7C7D2 /* LoadingView.swift */; };
		B9259D562897AC490087C537 /* RecipeDetailView.swift in Sources */ = {isa = PBXBuildFile; fileRef = B9259D552897AC490087C537 /* RecipeDetailView.swift */; };
		B9259D582897B4140087C537 /* RecipeComponents.swift in Sources */ = {isa = PBXBuildFile; fileRef = B9259D572897B4140087C537 /* RecipeComponents.swift */; };
		B9259D5A2897C6280087C537 /* RecipeIngredientCell.swift in Sources */ = {isa = PBXBuildFile; fileRef = B9259D592897C6280087C537 /* RecipeIngredientCell.swift */; };
		B9259D5C2897DD680087C537 /* IngredientIcon.swift in Sources */ = {isa = PBXBuildFile; fileRef = B9259D5B2897DD680087C537 /* IngredientIcon.swift */; };
		B927F4D328C9B69E00FB340E /* ResponseType.swift in Sources */ = {isa = PBXBuildFile; fileRef = B927F4D228C9B69E00FB340E /* ResponseType.swift */; };
		B927F4D528C9B76700FB340E /* ErrorView.swift in Sources */ = {isa = PBXBuildFile; fileRef = B927F4D428C9B76700FB340E /* ErrorView.swift */; };
		B92C6ECF28AA35AA002FB016 /* IngredientForm.swift in Sources */ = {isa = PBXBuildFile; fileRef = B92C6ECE28AA35AA002FB016 /* IngredientForm.swift */; };
		B92C6ED128AA3811002FB016 /* UserIngredientEditView.swift in Sources */ = {isa = PBXBuildFile; fileRef = B92C6ED028AA3811002FB016 /* UserIngredientEditView.swift */; };
		B93B79E028D8E5BC004D903C /* ImageLoader.swift in Sources */ = {isa = PBXBuildFile; fileRef = B93B79DF28D8E5BC004D903C /* ImageLoader.swift */; };
		B93B79E228D9FB49004D903C /* NetworkManager.swift in Sources */ = {isa = PBXBuildFile; fileRef = B93B79E128D9FB49004D903C /* NetworkManager.swift */; };
		B93B79E628DAE601004D903C /* TabSelector.swift in Sources */ = {isa = PBXBuildFile; fileRef = B93B79E528DAE601004D903C /* TabSelector.swift */; };
		B93B79EF28DC4338004D903C /* StartView.swift in Sources */ = {isa = PBXBuildFile; fileRef = B93B79EE28DC4338004D903C /* StartView.swift */; };
		B93B79F128DC4B07004D903C /* ExpireDateView.swift in Sources */ = {isa = PBXBuildFile; fileRef = B93B79F028DC4B07004D903C /* ExpireDateView.swift */; };
		B93B79F328DC4B28004D903C /* RecipeContent.swift in Sources */ = {isa = PBXBuildFile; fileRef = B93B79F228DC4B28004D903C /* RecipeContent.swift */; };
		B93B7A2028DC579E004D903C /* BottomButton.swift in Sources */ = {isa = PBXBuildFile; fileRef = B93B7A1F28DC579E004D903C /* BottomButton.swift */; };
		B93B7A2228DC57B0004D903C /* EmptyButton.swift in Sources */ = {isa = PBXBuildFile; fileRef = B93B7A2128DC57B0004D903C /* EmptyButton.swift */; };
		B93B7A2628DC5854004D903C /* Localizable.strings in Resources */ = {isa = PBXBuildFile; fileRef = B93B7A2828DC5854004D903C /* Localizable.strings */; };
		B93D869B289B76E2007C2AF1 /* AddIngredientViewModel.swift in Sources */ = {isa = PBXBuildFile; fileRef = B93D869A289B76E2007C2AF1 /* AddIngredientViewModel.swift */; };
		B93D869F289BCE98007C2AF1 /* IngredientAddDetailView.swift in Sources */ = {isa = PBXBuildFile; fileRef = B93D869E289BCE98007C2AF1 /* IngredientAddDetailView.swift */; };
		B93D86A1289D3FC7007C2AF1 /* IngredientUserCustomView.swift in Sources */ = {isa = PBXBuildFile; fileRef = B93D86A0289D3FC7007C2AF1 /* IngredientUserCustomView.swift */; };
		B93D86A3289D409A007C2AF1 /* NotMVPView.swift in Sources */ = {isa = PBXBuildFile; fileRef = B93D86A2289D409A007C2AF1 /* NotMVPView.swift */; };
		B948C5A728A4F12A0037F2AA /* IngredientViewModel.swift in Sources */ = {isa = PBXBuildFile; fileRef = B948C5A628A4F12A0037F2AA /* IngredientViewModel.swift */; };
		B948C5AA28A517DA0037F2AA /* SearchContainer.swift in Sources */ = {isa = PBXBuildFile; fileRef = B948C5A928A517DA0037F2AA /* SearchContainer.swift */; };
		B94A7ED528B20E20004D0554 /* RecipeAPI.swift in Sources */ = {isa = PBXBuildFile; fileRef = B94A7ED428B20E20004D0554 /* RecipeAPI.swift */; };
		B94A7ED728B20F50004D0554 /* MainRecipeViewModel.swift in Sources */ = {isa = PBXBuildFile; fileRef = B94A7ED628B20F50004D0554 /* MainRecipeViewModel.swift */; };
		B94A7ED928B22176004D0554 /* EmailForm.swift in Sources */ = {isa = PBXBuildFile; fileRef = B94A7ED828B22176004D0554 /* EmailForm.swift */; };
		B94A7EDE28B382F0004D0554 /* LoginModel.swift in Sources */ = {isa = PBXBuildFile; fileRef = B94A7EDD28B382F0004D0554 /* LoginModel.swift */; };
		B94A7EE028B5FAF8004D0554 /* UserModel.swift in Sources */ = {isa = PBXBuildFile; fileRef = B94A7EDF28B5FAF8004D0554 /* UserModel.swift */; };
		B94A7EE228B5FEDA004D0554 /* SplashView.swift in Sources */ = {isa = PBXBuildFile; fileRef = B94A7EE128B5FEDA004D0554 /* SplashView.swift */; };
		B94A7EE428B5FF83004D0554 /* UserAPI.swift in Sources */ = {isa = PBXBuildFile; fileRef = B94A7EE328B5FF83004D0554 /* UserAPI.swift */; };
		B959C51D288FF8FA005FF7D8 /* LoadImage.swift in Sources */ = {isa = PBXBuildFile; fileRef = B959C51C288FF8FA005FF7D8 /* LoadImage.swift */; };
		B959C52028900073005FF7D8 /* Colors.xcassets in Resources */ = {isa = PBXBuildFile; fileRef = B959C51F28900073005FF7D8 /* Colors.xcassets */; };
		B959C52228900208005FF7D8 /* ExtensionData.swift in Sources */ = {isa = PBXBuildFile; fileRef = B959C52128900208005FF7D8 /* ExtensionData.swift */; };
		B969DADC28923A20003CF65B /* IngredientMainView.swift in Sources */ = {isa = PBXBuildFile; fileRef = B969DADB28923A20003CF65B /* IngredientMainView.swift */; };
		B969DADE28923B5E003CF65B /* MockViewModel.swift in Sources */ = {isa = PBXBuildFile; fileRef = B969DADD28923B5E003CF65B /* MockViewModel.swift */; };
		B969DAE0289246AA003CF65B /* DateCalculater.swift in Sources */ = {isa = PBXBuildFile; fileRef = B969DADF289246AA003CF65B /* DateCalculater.swift */; };
		B969DAE2289266FE003CF65B /* Title.swift in Sources */ = {isa = PBXBuildFile; fileRef = B969DAE1289266FE003CF65B /* Title.swift */; };
		B969DAE42893DA5E003CF65B /* IngredientCell.swift in Sources */ = {isa = PBXBuildFile; fileRef = B969DAE32893DA5E003CF65B /* IngredientCell.swift */; };
		B98BBBC8287BE28900A72257 /* EurekaApp.swift in Sources */ = {isa = PBXBuildFile; fileRef = B98BBBC7287BE28900A72257 /* EurekaApp.swift */; };
		B98BBBCA287BE28900A72257 /* ContentView.swift in Sources */ = {isa = PBXBuildFile; fileRef = B98BBBC9287BE28900A72257 /* ContentView.swift */; };
		B98BBBCC287BE28B00A72257 /* Assets.xcassets in Resources */ = {isa = PBXBuildFile; fileRef = B98BBBCB287BE28B00A72257 /* Assets.xcassets */; };
		B98BBBCF287BE28B00A72257 /* Preview Assets.xcassets in Resources */ = {isa = PBXBuildFile; fileRef = B98BBBCE287BE28B00A72257 /* Preview Assets.xcassets */; };
		B98C913128ACA2DD001E307F /* CustomUserIngredientViewModel.swift in Sources */ = {isa = PBXBuildFile; fileRef = B98C913028ACA2DD001E307F /* CustomUserIngredientViewModel.swift */; };
		B98C913528AF7EA7001E307F /* MypageView.swift in Sources */ = {isa = PBXBuildFile; fileRef = B98C913428AF7EA7001E307F /* MypageView.swift */; };
		B98C913728AF7FD5001E307F /* SettingView.swift in Sources */ = {isa = PBXBuildFile; fileRef = B98C913628AF7FD5001E307F /* SettingView.swift */; };
		B9AB37CF28B76EF300E4EDA6 /* RecipeNoneView.swift in Sources */ = {isa = PBXBuildFile; fileRef = B9AB37CE28B76EF300E4EDA6 /* RecipeNoneView.swift */; };
		B9AB37D228B7703E00E4EDA6 /* WhiteButton.swift in Sources */ = {isa = PBXBuildFile; fileRef = B9AB37D128B7703E00E4EDA6 /* WhiteButton.swift */; };
		B9CB93BB28A2273000E0A938 /* LoginView.swift in Sources */ = {isa = PBXBuildFile; fileRef = B9CB93BA28A2273000E0A938 /* LoginView.swift */; };
		B9CB93BD28A23A0F00E0A938 /* SetProfileView.swift in Sources */ = {isa = PBXBuildFile; fileRef = B9CB93BC28A23A0F00E0A938 /* SetProfileView.swift */; };
		B9CB93BF28A23FCB00E0A938 /* ImagePicker.swift in Sources */ = {isa = PBXBuildFile; fileRef = B9CB93BE28A23FCB00E0A938 /* ImagePicker.swift */; };
		B9CB93C128A3661A00E0A938 /* LoginViewModel.swift in Sources */ = {isa = PBXBuildFile; fileRef = B9CB93C028A3661A00E0A938 /* LoginViewModel.swift */; };
		B9CB93C628A38E6600E0A938 /* KeyInfo.plist in Resources */ = {isa = PBXBuildFile; fileRef = B9CB93C528A38E6600E0A938 /* KeyInfo.plist */; };
		B9CB93C828A390B000E0A938 /* Eureka++Bundle.swift in Sources */ = {isa = PBXBuildFile; fileRef = B9CB93C728A390B000E0A938 /* Eureka++Bundle.swift */; };
		B9DA0DAA289A33D6000E743F /* IngredientDetailView.swift in Sources */ = {isa = PBXBuildFile; fileRef = B9DA0DA9289A33D6000E743F /* IngredientDetailView.swift */; };
		B9DA0DAC289A4023000E743F /* IngredientAddView.swift in Sources */ = {isa = PBXBuildFile; fileRef = B9DA0DAB289A4023000E743F /* IngredientAddView.swift */; };
		B9DA0DAE289A74C4000E743F /* IngredientButton.swift in Sources */ = {isa = PBXBuildFile; fileRef = B9DA0DAD289A74C4000E743F /* IngredientButton.swift */; };
		B9E64099288BED9600A0C943 /* CustomTabView.swift in Sources */ = {isa = PBXBuildFile; fileRef = B9E64095288BED9600A0C943 /* CustomTabView.swift */; };
		B9E6409A288BED9600A0C943 /* ReplaceView.swift in Sources */ = {isa = PBXBuildFile; fileRef = B9E64096288BED9600A0C943 /* ReplaceView.swift */; };
		B9E6409C288BED9600A0C943 /* RecipeMainView.swift in Sources */ = {isa = PBXBuildFile; fileRef = B9E64098288BED9600A0C943 /* RecipeMainView.swift */; };
		B9E640A3288BEDDA00A0C943 /* IngredientAPI.swift in Sources */ = {isa = PBXBuildFile; fileRef = B9E6409E288BEDDA00A0C943 /* IngredientAPI.swift */; };
		B9E640A5288BEDDA00A0C943 /* IngerdientModel.swift in Sources */ = {isa = PBXBuildFile; fileRef = B9E640A0288BEDDA00A0C943 /* IngerdientModel.swift */; };
		B9E640A6288BEDDA00A0C943 /* MockAPI.swift in Sources */ = {isa = PBXBuildFile; fileRef = B9E640A1288BEDDA00A0C943 /* MockAPI.swift */; };
		B9E640A7288BEDDA00A0C943 /* recipeModel.swift in Sources */ = {isa = PBXBuildFile; fileRef = B9E640A2288BEDDA00A0C943 /* recipeModel.swift */; };
/* End PBXBuildFile section */

/* Begin PBXFileReference section */
		6E869B50A14055ABC3E2D4A5 /* Pods-Eureka.debug.xcconfig */ = {isa = PBXFileReference; includeInIndex = 1; lastKnownFileType = text.xcconfig; name = "Pods-Eureka.debug.xcconfig"; path = "Target Support Files/Pods-Eureka/Pods-Eureka.debug.xcconfig"; sourceTree = "<group>"; };
		AD6178333B657027E5B9422F /* Pods_Eureka.framework */ = {isa = PBXFileReference; explicitFileType = wrapper.framework; includeInIndex = 0; path = Pods_Eureka.framework; sourceTree = BUILT_PRODUCTS_DIR; };
		B90B477028C1C8B900218C65 /* SignInWithAppleDelegate.swift */ = {isa = PBXFileReference; lastKnownFileType = sourcecode.swift; path = SignInWithAppleDelegate.swift; sourceTree = "<group>"; };
		B919622D288E9E3500B0EE99 /* .gitignore */ = {isa = PBXFileReference; lastKnownFileType = text; path = .gitignore; sourceTree = "<group>"; };
		B9230AAB289FED1C00F7C7D2 /* DateForm.swift */ = {isa = PBXFileReference; lastKnownFileType = sourcecode.swift; path = DateForm.swift; sourceTree = "<group>"; };
		B9230AAD28A0F1FD00F7C7D2 /* LoadingView.swift */ = {isa = PBXFileReference; lastKnownFileType = sourcecode.swift; path = LoadingView.swift; sourceTree = "<group>"; };
		B9259D552897AC490087C537 /* RecipeDetailView.swift */ = {isa = PBXFileReference; lastKnownFileType = sourcecode.swift; path = RecipeDetailView.swift; sourceTree = "<group>"; };
		B9259D572897B4140087C537 /* RecipeComponents.swift */ = {isa = PBXFileReference; lastKnownFileType = sourcecode.swift; path = RecipeComponents.swift; sourceTree = "<group>"; };
		B9259D592897C6280087C537 /* RecipeIngredientCell.swift */ = {isa = PBXFileReference; lastKnownFileType = sourcecode.swift; path = RecipeIngredientCell.swift; sourceTree = "<group>"; };
		B9259D5B2897DD680087C537 /* IngredientIcon.swift */ = {isa = PBXFileReference; lastKnownFileType = sourcecode.swift; path = IngredientIcon.swift; sourceTree = "<group>"; };
		B927F4D228C9B69E00FB340E /* ResponseType.swift */ = {isa = PBXFileReference; lastKnownFileType = sourcecode.swift; path = ResponseType.swift; sourceTree = "<group>"; };
		B927F4D428C9B76700FB340E /* ErrorView.swift */ = {isa = PBXFileReference; lastKnownFileType = sourcecode.swift; path = ErrorView.swift; sourceTree = "<group>"; };
		B92C6ECE28AA35AA002FB016 /* IngredientForm.swift */ = {isa = PBXFileReference; lastKnownFileType = sourcecode.swift; path = IngredientForm.swift; sourceTree = "<group>"; };
		B92C6ED028AA3811002FB016 /* UserIngredientEditView.swift */ = {isa = PBXFileReference; lastKnownFileType = sourcecode.swift; path = UserIngredientEditView.swift; sourceTree = "<group>"; };
		B93B79DF28D8E5BC004D903C /* ImageLoader.swift */ = {isa = PBXFileReference; fileEncoding = 4; lastKnownFileType = sourcecode.swift; path = ImageLoader.swift; sourceTree = "<group>"; };
		B93B79E128D9FB49004D903C /* NetworkManager.swift */ = {isa = PBXFileReference; lastKnownFileType = sourcecode.swift; path = NetworkManager.swift; sourceTree = "<group>"; };
		B93B79E528DAE601004D903C /* TabSelector.swift */ = {isa = PBXFileReference; lastKnownFileType = sourcecode.swift; path = TabSelector.swift; sourceTree = "<group>"; };
		B93B79EE28DC4338004D903C /* StartView.swift */ = {isa = PBXFileReference; lastKnownFileType = sourcecode.swift; path = StartView.swift; sourceTree = "<group>"; };
		B93B79F028DC4B07004D903C /* ExpireDateView.swift */ = {isa = PBXFileReference; lastKnownFileType = sourcecode.swift; path = ExpireDateView.swift; sourceTree = "<group>"; };
		B93B79F228DC4B28004D903C /* RecipeContent.swift */ = {isa = PBXFileReference; lastKnownFileType = sourcecode.swift; path = RecipeContent.swift; sourceTree = "<group>"; };
		B93B7A1F28DC579E004D903C /* BottomButton.swift */ = {isa = PBXFileReference; fileEncoding = 4; lastKnownFileType = sourcecode.swift; name = BottomButton.swift; path = "Eureka/Common-UI/Button/BottomButton.swift"; sourceTree = SOURCE_ROOT; };
		B93B7A2128DC57B0004D903C /* EmptyButton.swift */ = {isa = PBXFileReference; fileEncoding = 4; lastKnownFileType = sourcecode.swift; name = EmptyButton.swift; path = "Eureka/Common-UI/Button/EmptyButton.swift"; sourceTree = SOURCE_ROOT; };
		B93B7A2728DC5854004D903C /* ko */ = {isa = PBXFileReference; lastKnownFileType = text.plist.strings; name = ko; path = ko.lproj/Localizable.strings; sourceTree = "<group>"; };
		B93B7A2928DC5855004D903C /* en */ = {isa = PBXFileReference; lastKnownFileType = text.plist.strings; name = en; path = en.lproj/Localizable.strings; sourceTree = "<group>"; };
		B93D869A289B76E2007C2AF1 /* AddIngredientViewModel.swift */ = {isa = PBXFileReference; lastKnownFileType = sourcecode.swift; path = AddIngredientViewModel.swift; sourceTree = "<group>"; };
		B93D869E289BCE98007C2AF1 /* IngredientAddDetailView.swift */ = {isa = PBXFileReference; lastKnownFileType = sourcecode.swift; path = IngredientAddDetailView.swift; sourceTree = "<group>"; };
		B93D86A0289D3FC7007C2AF1 /* IngredientUserCustomView.swift */ = {isa = PBXFileReference; lastKnownFileType = sourcecode.swift; path = IngredientUserCustomView.swift; sourceTree = "<group>"; };
		B93D86A2289D409A007C2AF1 /* NotMVPView.swift */ = {isa = PBXFileReference; lastKnownFileType = sourcecode.swift; path = NotMVPView.swift; sourceTree = "<group>"; };
		B93D86A4289D4B66007C2AF1 /* Info.plist */ = {isa = PBXFileReference; lastKnownFileType = text.plist; path = Info.plist; sourceTree = "<group>"; };
		B948C5A628A4F12A0037F2AA /* IngredientViewModel.swift */ = {isa = PBXFileReference; lastKnownFileType = sourcecode.swift; path = IngredientViewModel.swift; sourceTree = "<group>"; };
		B948C5A828A4F4EA0037F2AA /* Eureka.entitlements */ = {isa = PBXFileReference; lastKnownFileType = text.plist.entitlements; path = Eureka.entitlements; sourceTree = "<group>"; };
		B948C5A928A517DA0037F2AA /* SearchContainer.swift */ = {isa = PBXFileReference; lastKnownFileType = sourcecode.swift; path = SearchContainer.swift; sourceTree = "<group>"; };
		B94A7ED428B20E20004D0554 /* RecipeAPI.swift */ = {isa = PBXFileReference; lastKnownFileType = sourcecode.swift; path = RecipeAPI.swift; sourceTree = "<group>"; };
		B94A7ED628B20F50004D0554 /* MainRecipeViewModel.swift */ = {isa = PBXFileReference; lastKnownFileType = sourcecode.swift; path = MainRecipeViewModel.swift; sourceTree = "<group>"; };
		B94A7ED828B22176004D0554 /* EmailForm.swift */ = {isa = PBXFileReference; lastKnownFileType = sourcecode.swift; path = EmailForm.swift; sourceTree = "<group>"; };
		B94A7EDD28B382F0004D0554 /* LoginModel.swift */ = {isa = PBXFileReference; lastKnownFileType = sourcecode.swift; path = LoginModel.swift; sourceTree = "<group>"; };
		B94A7EDF28B5FAF8004D0554 /* UserModel.swift */ = {isa = PBXFileReference; lastKnownFileType = sourcecode.swift; path = UserModel.swift; sourceTree = "<group>"; };
		B94A7EE128B5FEDA004D0554 /* SplashView.swift */ = {isa = PBXFileReference; lastKnownFileType = sourcecode.swift; path = SplashView.swift; sourceTree = "<group>"; };
		B94A7EE328B5FF83004D0554 /* UserAPI.swift */ = {isa = PBXFileReference; lastKnownFileType = sourcecode.swift; path = UserAPI.swift; sourceTree = "<group>"; };
		B959C51C288FF8FA005FF7D8 /* LoadImage.swift */ = {isa = PBXFileReference; lastKnownFileType = sourcecode.swift; path = LoadImage.swift; sourceTree = "<group>"; };
		B959C51F28900073005FF7D8 /* Colors.xcassets */ = {isa = PBXFileReference; lastKnownFileType = folder.assetcatalog; path = Colors.xcassets; sourceTree = "<group>"; };
		B959C52128900208005FF7D8 /* ExtensionData.swift */ = {isa = PBXFileReference; lastKnownFileType = sourcecode.swift; path = ExtensionData.swift; sourceTree = "<group>"; };
		B969DADB28923A20003CF65B /* IngredientMainView.swift */ = {isa = PBXFileReference; lastKnownFileType = sourcecode.swift; path = IngredientMainView.swift; sourceTree = "<group>"; };
		B969DADD28923B5E003CF65B /* MockViewModel.swift */ = {isa = PBXFileReference; lastKnownFileType = sourcecode.swift; path = MockViewModel.swift; sourceTree = "<group>"; };
		B969DADF289246AA003CF65B /* DateCalculater.swift */ = {isa = PBXFileReference; lastKnownFileType = sourcecode.swift; path = DateCalculater.swift; sourceTree = "<group>"; };
		B969DAE1289266FE003CF65B /* Title.swift */ = {isa = PBXFileReference; lastKnownFileType = sourcecode.swift; path = Title.swift; sourceTree = "<group>"; };
		B969DAE32893DA5E003CF65B /* IngredientCell.swift */ = {isa = PBXFileReference; lastKnownFileType = sourcecode.swift; path = IngredientCell.swift; sourceTree = "<group>"; };
		B98BBBC4287BE28900A72257 /* Eureka.app */ = {isa = PBXFileReference; explicitFileType = wrapper.application; includeInIndex = 0; path = Eureka.app; sourceTree = BUILT_PRODUCTS_DIR; };
		B98BBBC7287BE28900A72257 /* EurekaApp.swift */ = {isa = PBXFileReference; lastKnownFileType = sourcecode.swift; path = EurekaApp.swift; sourceTree = "<group>"; };
		B98BBBC9287BE28900A72257 /* ContentView.swift */ = {isa = PBXFileReference; lastKnownFileType = sourcecode.swift; path = ContentView.swift; sourceTree = "<group>"; };
		B98BBBCB287BE28B00A72257 /* Assets.xcassets */ = {isa = PBXFileReference; lastKnownFileType = folder.assetcatalog; path = Assets.xcassets; sourceTree = "<group>"; };
		B98BBBCE287BE28B00A72257 /* Preview Assets.xcassets */ = {isa = PBXFileReference; lastKnownFileType = folder.assetcatalog; path = "Preview Assets.xcassets"; sourceTree = "<group>"; };
		B98C913028ACA2DD001E307F /* CustomUserIngredientViewModel.swift */ = {isa = PBXFileReference; lastKnownFileType = sourcecode.swift; path = CustomUserIngredientViewModel.swift; sourceTree = "<group>"; };
		B98C913428AF7EA7001E307F /* MypageView.swift */ = {isa = PBXFileReference; lastKnownFileType = sourcecode.swift; path = MypageView.swift; sourceTree = "<group>"; };
		B98C913628AF7FD5001E307F /* SettingView.swift */ = {isa = PBXFileReference; lastKnownFileType = sourcecode.swift; path = SettingView.swift; sourceTree = "<group>"; };
		B9AB37CE28B76EF300E4EDA6 /* RecipeNoneView.swift */ = {isa = PBXFileReference; lastKnownFileType = sourcecode.swift; path = RecipeNoneView.swift; sourceTree = "<group>"; };
		B9AB37D128B7703E00E4EDA6 /* WhiteButton.swift */ = {isa = PBXFileReference; lastKnownFileType = sourcecode.swift; path = WhiteButton.swift; sourceTree = "<group>"; };
		B9CB93BA28A2273000E0A938 /* LoginView.swift */ = {isa = PBXFileReference; lastKnownFileType = sourcecode.swift; path = LoginView.swift; sourceTree = "<group>"; };
		B9CB93BC28A23A0F00E0A938 /* SetProfileView.swift */ = {isa = PBXFileReference; lastKnownFileType = sourcecode.swift; path = SetProfileView.swift; sourceTree = "<group>"; };
		B9CB93BE28A23FCB00E0A938 /* ImagePicker.swift */ = {isa = PBXFileReference; lastKnownFileType = sourcecode.swift; path = ImagePicker.swift; sourceTree = "<group>"; };
		B9CB93C028A3661A00E0A938 /* LoginViewModel.swift */ = {isa = PBXFileReference; lastKnownFileType = sourcecode.swift; path = LoginViewModel.swift; sourceTree = "<group>"; };
		B9CB93C528A38E6600E0A938 /* KeyInfo.plist */ = {isa = PBXFileReference; lastKnownFileType = text.plist.xml; path = KeyInfo.plist; sourceTree = "<group>"; };
		B9CB93C728A390B000E0A938 /* Eureka++Bundle.swift */ = {isa = PBXFileReference; lastKnownFileType = sourcecode.swift; path = "Eureka++Bundle.swift"; sourceTree = "<group>"; };
		B9DA0DA9289A33D6000E743F /* IngredientDetailView.swift */ = {isa = PBXFileReference; lastKnownFileType = sourcecode.swift; path = IngredientDetailView.swift; sourceTree = "<group>"; };
		B9DA0DAB289A4023000E743F /* IngredientAddView.swift */ = {isa = PBXFileReference; lastKnownFileType = sourcecode.swift; path = IngredientAddView.swift; sourceTree = "<group>"; };
		B9DA0DAD289A74C4000E743F /* IngredientButton.swift */ = {isa = PBXFileReference; lastKnownFileType = sourcecode.swift; path = IngredientButton.swift; sourceTree = "<group>"; };
		B9E64095288BED9600A0C943 /* CustomTabView.swift */ = {isa = PBXFileReference; fileEncoding = 4; lastKnownFileType = sourcecode.swift; path = CustomTabView.swift; sourceTree = "<group>"; };
		B9E64096288BED9600A0C943 /* ReplaceView.swift */ = {isa = PBXFileReference; fileEncoding = 4; lastKnownFileType = sourcecode.swift; path = ReplaceView.swift; sourceTree = "<group>"; };
		B9E64098288BED9600A0C943 /* RecipeMainView.swift */ = {isa = PBXFileReference; fileEncoding = 4; lastKnownFileType = sourcecode.swift; path = RecipeMainView.swift; sourceTree = "<group>"; };
		B9E6409E288BEDDA00A0C943 /* IngredientAPI.swift */ = {isa = PBXFileReference; fileEncoding = 4; lastKnownFileType = sourcecode.swift; path = IngredientAPI.swift; sourceTree = "<group>"; };
		B9E640A0288BEDDA00A0C943 /* IngerdientModel.swift */ = {isa = PBXFileReference; fileEncoding = 4; lastKnownFileType = sourcecode.swift; path = IngerdientModel.swift; sourceTree = "<group>"; };
		B9E640A1288BEDDA00A0C943 /* MockAPI.swift */ = {isa = PBXFileReference; fileEncoding = 4; lastKnownFileType = sourcecode.swift; path = MockAPI.swift; sourceTree = "<group>"; };
		B9E640A2288BEDDA00A0C943 /* recipeModel.swift */ = {isa = PBXFileReference; fileEncoding = 4; lastKnownFileType = sourcecode.swift; path = recipeModel.swift; sourceTree = "<group>"; };
		F41597E0EB1F34FBE8ECE86B /* Pods-Eureka.release.xcconfig */ = {isa = PBXFileReference; includeInIndex = 1; lastKnownFileType = text.xcconfig; name = "Pods-Eureka.release.xcconfig"; path = "Target Support Files/Pods-Eureka/Pods-Eureka.release.xcconfig"; sourceTree = "<group>"; };
/* End PBXFileReference section */

/* Begin PBXFrameworksBuildPhase section */
		B98BBBC1287BE28900A72257 /* Frameworks */ = {
			isa = PBXFrameworksBuildPhase;
			buildActionMask = 2147483647;
			files = (
				3C638E239F99401D40FCCF04 /* Pods_Eureka.framework in Frameworks */,
			);
			runOnlyForDeploymentPostprocessing = 0;
		};
/* End PBXFrameworksBuildPhase section */

/* Begin PBXGroup section */
		52AA90B704A1B38C58788A8E /* Pods */ = {
			isa = PBXGroup;
			children = (
				6E869B50A14055ABC3E2D4A5 /* Pods-Eureka.debug.xcconfig */,
				F41597E0EB1F34FBE8ECE86B /* Pods-Eureka.release.xcconfig */,
			);
			path = Pods;
			sourceTree = "<group>";
		};
		B340C0F1C68E7809A16DC79A /* Frameworks */ = {
			isa = PBXGroup;
			children = (
				AD6178333B657027E5B9422F /* Pods_Eureka.framework */,
			);
			name = Frameworks;
			sourceTree = "<group>";
		};
		B9259D542897A51F0087C537 /* Recipe */ = {
			isa = PBXGroup;
			children = (
				B93B79CF28D8DCF6004D903C /* View */,
				B93B79D528D8DDD5004D903C /* Model */,
				B93B79D328D8DD68004D903C /* ViewModel */,
			);
			path = Recipe;
			sourceTree = "<group>";
		};
		B93B79CF28D8DCF6004D903C /* View */ = {
			isa = PBXGroup;
			children = (
				B9E64098288BED9600A0C943 /* RecipeMainView.swift */,
				B9AB37CE28B76EF300E4EDA6 /* RecipeNoneView.swift */,
				B9E64096288BED9600A0C943 /* ReplaceView.swift */,
				B93B79F028DC4B07004D903C /* ExpireDateView.swift */,
				B93B79F228DC4B28004D903C /* RecipeContent.swift */,
				B9259D552897AC490087C537 /* RecipeDetailView.swift */,
				B9259D592897C6280087C537 /* RecipeIngredientCell.swift */,
				B93B7A2328DC57C7004D903C /* Components */,
			);
			path = View;
			sourceTree = "<group>";
		};
		B93B79D028D8DD0E004D903C /* View */ = {
			isa = PBXGroup;
			children = (
				B9CB93BE28A23FCB00E0A938 /* ImagePicker.swift */,
				B9CB93BC28A23A0F00E0A938 /* SetProfileView.swift */,
				B98C913428AF7EA7001E307F /* MypageView.swift */,
				B98C913628AF7FD5001E307F /* SettingView.swift */,
				B94A7ED828B22176004D0554 /* EmailForm.swift */,
			);
			path = View;
			sourceTree = "<group>";
		};
		B93B79D128D8DD23004D903C /* View */ = {
			isa = PBXGroup;
			children = (
				B93B79EE28DC4338004D903C /* StartView.swift */,
				B98BBBC9287BE28900A72257 /* ContentView.swift */,
				B9CB93BA28A2273000E0A938 /* LoginView.swift */,
				B94A7EE128B5FEDA004D0554 /* SplashView.swift */,
				B9E64095288BED9600A0C943 /* CustomTabView.swift */,
			);
			path = View;
			sourceTree = "<group>";
		};
		B93B79D228D8DD3C004D903C /* View */ = {
			isa = PBXGroup;
			children = (
				B93B7A1E28DC573A004D903C /* Component */,
				B969DADB28923A20003CF65B /* IngredientMainView.swift */,
				B9DA0DA9289A33D6000E743F /* IngredientDetailView.swift */,
				B9DA0DAB289A4023000E743F /* IngredientAddView.swift */,
				B92C6ED028AA3811002FB016 /* UserIngredientEditView.swift */,
				B969DAE32893DA5E003CF65B /* IngredientCell.swift */,
				B93D869E289BCE98007C2AF1 /* IngredientAddDetailView.swift */,
				B93D86A0289D3FC7007C2AF1 /* IngredientUserCustomView.swift */,
			);
			path = View;
			sourceTree = "<group>";
		};
		B93B79D328D8DD68004D903C /* ViewModel */ = {
			isa = PBXGroup;
			children = (
				B94A7ED628B20F50004D0554 /* MainRecipeViewModel.swift */,
			);
			path = ViewModel;
			sourceTree = "<group>";
		};
		B93B79D428D8DDB2004D903C /* Model */ = {
			isa = PBXGroup;
			children = (
				B94A7EDF28B5FAF8004D0554 /* UserModel.swift */,
				B94A7EE328B5FF83004D0554 /* UserAPI.swift */,
				B94A7EDD28B382F0004D0554 /* LoginModel.swift */,
			);
			path = Model;
			sourceTree = "<group>";
		};
		B93B79D528D8DDD5004D903C /* Model */ = {
			isa = PBXGroup;
			children = (
				B94A7ED428B20E20004D0554 /* RecipeAPI.swift */,
				B9E640A2288BEDDA00A0C943 /* recipeModel.swift */,
			);
			path = Model;
			sourceTree = "<group>";
		};
		B93B79D628D8DDE8004D903C /* Model */ = {
			isa = PBXGroup;
			children = (
				B9E640A0288BEDDA00A0C943 /* IngerdientModel.swift */,
				B9E6409E288BEDDA00A0C943 /* IngredientAPI.swift */,
			);
			path = Model;
			sourceTree = "<group>";
		};
		B93B79D728D8DE11004D903C /* ViewModel */ = {
			isa = PBXGroup;
			children = (
				B90B477028C1C8B900218C65 /* SignInWithAppleDelegate.swift */,
				B9CB93C028A3661A00E0A938 /* LoginViewModel.swift */,
			);
			path = ViewModel;
			sourceTree = "<group>";
		};
		B93B7A1D28DC5717004D903C /* Common-UI */ = {
			isa = PBXGroup;
			children = (
				B959C51C288FF8FA005FF7D8 /* LoadImage.swift */,
				B948C5A928A517DA0037F2AA /* SearchContainer.swift */,
				B969DAE1289266FE003CF65B /* Title.swift */,
				B9AB37D028B76FF300E4EDA6 /* Button */,
			);
			path = "Common-UI";
			sourceTree = "<group>";
		};
		B93B7A1E28DC573A004D903C /* Component */ = {
			isa = PBXGroup;
			children = (
				B9259D5B2897DD680087C537 /* IngredientIcon.swift */,
				B9DA0DAD289A74C4000E743F /* IngredientButton.swift */,
				B9230AAB289FED1C00F7C7D2 /* DateForm.swift */,
				B92C6ECE28AA35AA002FB016 /* IngredientForm.swift */,
			);
			path = Component;
			sourceTree = "<group>";
		};
		B93B7A2328DC57C7004D903C /* Components */ = {
			isa = PBXGroup;
			children = (
				B9259D572897B4140087C537 /* RecipeComponents.swift */,
			);
			path = Components;
			sourceTree = "<group>";
		};
		B969DADA289239E2003CF65B /* Ingredient */ = {
			isa = PBXGroup;
			children = (
				B93B79D228D8DD3C004D903C /* View */,
				B98C912F28ACA2BC001E307F /* ViewModel */,
				B93B79D628D8DDE8004D903C /* Model */,
			);
			path = Ingredient;
			sourceTree = "<group>";
		};
		B98BBBBB287BE28900A72257 = {
			isa = PBXGroup;
			children = (
				B919622D288E9E3500B0EE99 /* .gitignore */,
				B98BBBC6287BE28900A72257 /* Eureka */,
				B98BBBC5287BE28900A72257 /* Products */,
				52AA90B704A1B38C58788A8E /* Pods */,
				B340C0F1C68E7809A16DC79A /* Frameworks */,
			);
			sourceTree = "<group>";
		};
		B98BBBC5287BE28900A72257 /* Products */ = {
			isa = PBXGroup;
			children = (
				B98BBBC4287BE28900A72257 /* Eureka.app */,
			);
			name = Products;
			sourceTree = "<group>";
		};
		B98BBBC6287BE28900A72257 /* Eureka */ = {
			isa = PBXGroup;
			children = (
				B948C5A828A4F4EA0037F2AA /* Eureka.entitlements */,
				B93D86A4289D4B66007C2AF1 /* Info.plist */,
				B98BBBC7287BE28900A72257 /* EurekaApp.swift */,
				B959C51F28900073005FF7D8 /* Colors.xcassets */,
				B98BBBCB287BE28B00A72257 /* Assets.xcassets */,
				B969DADD28923B5E003CF65B /* MockViewModel.swift */,
				B9E640A1288BEDDA00A0C943 /* MockAPI.swift */,
				B9CB93B928A226C500E0A938 /* Onboarding */,
				B9259D542897A51F0087C537 /* Recipe */,
				B969DADA289239E2003CF65B /* Ingredient */,
				B98C913828AF7FDE001E307F /* Mypage */,
				B93B7A1D28DC5717004D903C /* Common-UI */,
				B9E6409D288BEDDA00A0C943 /* Common */,
				B9CB93C228A36BE000E0A938 /* Service */,
				B98BBBCD287BE28B00A72257 /* Preview Content */,
			);
			path = Eureka;
			sourceTree = "<group>";
		};
		B98BBBCD287BE28B00A72257 /* Preview Content */ = {
			isa = PBXGroup;
			children = (
				B98BBBCE287BE28B00A72257 /* Preview Assets.xcassets */,
			);
			path = "Preview Content";
			sourceTree = "<group>";
		};
		B98C912F28ACA2BC001E307F /* ViewModel */ = {
			isa = PBXGroup;
			children = (
				B969DADF289246AA003CF65B /* DateCalculater.swift */,
				B93D869A289B76E2007C2AF1 /* AddIngredientViewModel.swift */,
				B948C5A628A4F12A0037F2AA /* IngredientViewModel.swift */,
				B98C913028ACA2DD001E307F /* CustomUserIngredientViewModel.swift */,
			);
			path = ViewModel;
			sourceTree = "<group>";
		};
		B98C913828AF7FDE001E307F /* Mypage */ = {
			isa = PBXGroup;
			children = (
				B93B79D028D8DD0E004D903C /* View */,
			);
			path = Mypage;
			sourceTree = "<group>";
		};
		B9AB37D028B76FF300E4EDA6 /* Button */ = {
			isa = PBXGroup;
			children = (
				B9AB37D128B7703E00E4EDA6 /* WhiteButton.swift */,
				B93B7A2128DC57B0004D903C /* EmptyButton.swift */,
				B93B7A1F28DC579E004D903C /* BottomButton.swift */,
			);
			path = Button;
			sourceTree = "<group>";
		};
		B9CB93B928A226C500E0A938 /* Onboarding */ = {
			isa = PBXGroup;
			children = (
				B93B79D128D8DD23004D903C /* View */,
				B93B79D728D8DE11004D903C /* ViewModel */,
				B93B79D428D8DDB2004D903C /* Model */,
			);
			path = Onboarding;
			sourceTree = "<group>";
		};
		B9CB93C228A36BE000E0A938 /* Service */ = {
			isa = PBXGroup;
			children = (
				B9CB93C728A390B000E0A938 /* Eureka++Bundle.swift */,
				B9CB93C528A38E6600E0A938 /* KeyInfo.plist */,
			);
			path = Service;
			sourceTree = "<group>";
		};
		B9E6409D288BEDDA00A0C943 /* Common */ = {
			isa = PBXGroup;
			children = (
				B93B79E528DAE601004D903C /* TabSelector.swift */,
				B93B79DF28D8E5BC004D903C /* ImageLoader.swift */,
				B93B79E128D9FB49004D903C /* NetworkManager.swift */,
				B959C52128900208005FF7D8 /* ExtensionData.swift */,
				B927F4D228C9B69E00FB340E /* ResponseType.swift */,
				B927F4D428C9B76700FB340E /* ErrorView.swift */,
				B93D86A2289D409A007C2AF1 /* NotMVPView.swift */,
				B9230AAD28A0F1FD00F7C7D2 /* LoadingView.swift */,
				B93B7A2828DC5854004D903C /* Localizable.strings */,
			);
			path = Common;
			sourceTree = "<group>";
		};
/* End PBXGroup section */

/* Begin PBXNativeTarget section */
		B98BBBC3287BE28900A72257 /* Eureka */ = {
			isa = PBXNativeTarget;
			buildConfigurationList = B98BBBD2287BE28B00A72257 /* Build configuration list for PBXNativeTarget "Eureka" */;
			buildPhases = (
				0F31BF164CCA6E5BBB18226F /* [CP] Check Pods Manifest.lock */,
				B98BBBC0287BE28900A72257 /* Sources */,
				B98BBBC1287BE28900A72257 /* Frameworks */,
				B98BBBC2287BE28900A72257 /* Resources */,
				94B7FAF04BBD0B5BF7D2368F /* [CP] Embed Pods Frameworks */,
			);
			buildRules = (
			);
			dependencies = (
			);
			name = Eureka;
			productName = Eureka;
			productReference = B98BBBC4287BE28900A72257 /* Eureka.app */;
			productType = "com.apple.product-type.application";
		};
/* End PBXNativeTarget section */

/* Begin PBXProject section */
		B98BBBBC287BE28900A72257 /* Project object */ = {
			isa = PBXProject;
			attributes = {
				BuildIndependentTargetsInParallel = 1;
				LastSwiftUpdateCheck = 1340;
				LastUpgradeCheck = 1340;
				TargetAttributes = {
					B98BBBC3287BE28900A72257 = {
						CreatedOnToolsVersion = 13.4.1;
					};
				};
			};
			buildConfigurationList = B98BBBBF287BE28900A72257 /* Build configuration list for PBXProject "Eureka" */;
			compatibilityVersion = "Xcode 13.0";
			developmentRegion = en;
			hasScannedForEncodings = 0;
			knownRegions = (
				en,
				Base,
				ko,
			);
			mainGroup = B98BBBBB287BE28900A72257;
			productRefGroup = B98BBBC5287BE28900A72257 /* Products */;
			projectDirPath = "";
			projectRoot = "";
			targets = (
				B98BBBC3287BE28900A72257 /* Eureka */,
			);
		};
/* End PBXProject section */

/* Begin PBXResourcesBuildPhase section */
		B98BBBC2287BE28900A72257 /* Resources */ = {
			isa = PBXResourcesBuildPhase;
			buildActionMask = 2147483647;
			files = (
				B98BBBCF287BE28B00A72257 /* Preview Assets.xcassets in Resources */,
				B93B7A2628DC5854004D903C /* Localizable.strings in Resources */,
				B959C52028900073005FF7D8 /* Colors.xcassets in Resources */,
				B919622E288E9E3500B0EE99 /* .gitignore in Resources */,
				B98BBBCC287BE28B00A72257 /* Assets.xcassets in Resources */,
				B9CB93C628A38E6600E0A938 /* KeyInfo.plist in Resources */,
			);
			runOnlyForDeploymentPostprocessing = 0;
		};
/* End PBXResourcesBuildPhase section */

/* Begin PBXShellScriptBuildPhase section */
		0F31BF164CCA6E5BBB18226F /* [CP] Check Pods Manifest.lock */ = {
			isa = PBXShellScriptBuildPhase;
			buildActionMask = 2147483647;
			files = (
			);
			inputFileListPaths = (
			);
			inputPaths = (
				"${PODS_PODFILE_DIR_PATH}/Podfile.lock",
				"${PODS_ROOT}/Manifest.lock",
			);
			name = "[CP] Check Pods Manifest.lock";
			outputFileListPaths = (
			);
			outputPaths = (
				"$(DERIVED_FILE_DIR)/Pods-Eureka-checkManifestLockResult.txt",
			);
			runOnlyForDeploymentPostprocessing = 0;
			shellPath = /bin/sh;
			shellScript = "diff \"${PODS_PODFILE_DIR_PATH}/Podfile.lock\" \"${PODS_ROOT}/Manifest.lock\" > /dev/null\nif [ $? != 0 ] ; then\n    # print error to STDERR\n    echo \"error: The sandbox is not in sync with the Podfile.lock. Run 'pod install' or update your CocoaPods installation.\" >&2\n    exit 1\nfi\n# This output is used by Xcode 'outputs' to avoid re-running this script phase.\necho \"SUCCESS\" > \"${SCRIPT_OUTPUT_FILE_0}\"\n";
			showEnvVarsInLog = 0;
		};
		94B7FAF04BBD0B5BF7D2368F /* [CP] Embed Pods Frameworks */ = {
			isa = PBXShellScriptBuildPhase;
			buildActionMask = 2147483647;
			files = (
			);
			inputFileListPaths = (
				"${PODS_ROOT}/Target Support Files/Pods-Eureka/Pods-Eureka-frameworks-${CONFIGURATION}-input-files.xcfilelist",
			);
			name = "[CP] Embed Pods Frameworks";
			outputFileListPaths = (
				"${PODS_ROOT}/Target Support Files/Pods-Eureka/Pods-Eureka-frameworks-${CONFIGURATION}-output-files.xcfilelist",
			);
			runOnlyForDeploymentPostprocessing = 0;
			shellPath = /bin/sh;
			shellScript = "\"${PODS_ROOT}/Target Support Files/Pods-Eureka/Pods-Eureka-frameworks.sh\"\n";
			showEnvVarsInLog = 0;
		};
/* End PBXShellScriptBuildPhase section */

/* Begin PBXSourcesBuildPhase section */
		B98BBBC0287BE28900A72257 /* Sources */ = {
			isa = PBXSourcesBuildPhase;
			buildActionMask = 2147483647;
			files = (
				B93B79E228D9FB49004D903C /* NetworkManager.swift in Sources */,
				B959C51D288FF8FA005FF7D8 /* LoadImage.swift in Sources */,
				B94A7EE028B5FAF8004D0554 /* UserModel.swift in Sources */,
				B98C913728AF7FD5001E307F /* SettingView.swift in Sources */,
				B93B7A2228DC57B0004D903C /* EmptyButton.swift in Sources */,
				B98BBBCA287BE28900A72257 /* ContentView.swift in Sources */,
				B969DAE42893DA5E003CF65B /* IngredientCell.swift in Sources */,
				B93B7A2028DC579E004D903C /* BottomButton.swift in Sources */,
				B93B79E628DAE601004D903C /* TabSelector.swift in Sources */,
				B9CB93BF28A23FCB00E0A938 /* ImagePicker.swift in Sources */,
				B9E6409C288BED9600A0C943 /* RecipeMainView.swift in Sources */,
				B9AB37D228B7703E00E4EDA6 /* WhiteButton.swift in Sources */,
				B98BBBC8287BE28900A72257 /* EurekaApp.swift in Sources */,
				B93B79F328DC4B28004D903C /* RecipeContent.swift in Sources */,
				B9259D5A2897C6280087C537 /* RecipeIngredientCell.swift in Sources */,
				B94A7ED728B20F50004D0554 /* MainRecipeViewModel.swift in Sources */,
				B959C52228900208005FF7D8 /* ExtensionData.swift in Sources */,
				B90B477128C1C8B900218C65 /* SignInWithAppleDelegate.swift in Sources */,
				B927F4D328C9B69E00FB340E /* ResponseType.swift in Sources */,
				B98C913528AF7EA7001E307F /* MypageView.swift in Sources */,
				B948C5A728A4F12A0037F2AA /* IngredientViewModel.swift in Sources */,
				B9259D582897B4140087C537 /* RecipeComponents.swift in Sources */,
				B93D86A3289D409A007C2AF1 /* NotMVPView.swift in Sources */,
				B9CB93C128A3661A00E0A938 /* LoginViewModel.swift in Sources */,
				B948C5AA28A517DA0037F2AA /* SearchContainer.swift in Sources */,
				B969DADE28923B5E003CF65B /* MockViewModel.swift in Sources */,
				B94A7ED528B20E20004D0554 /* RecipeAPI.swift in Sources */,
				B9CB93BD28A23A0F00E0A938 /* SetProfileView.swift in Sources */,
				B9E640A6288BEDDA00A0C943 /* MockAPI.swift in Sources */,
				B9E6409A288BED9600A0C943 /* ReplaceView.swift in Sources */,
				B98C913128ACA2DD001E307F /* CustomUserIngredientViewModel.swift in Sources */,
				B9E640A7288BEDDA00A0C943 /* recipeModel.swift in Sources */,
				B9E64099288BED9600A0C943 /* CustomTabView.swift in Sources */,
				B9AB37CF28B76EF300E4EDA6 /* RecipeNoneView.swift in Sources */,
				B969DAE2289266FE003CF65B /* Title.swift in Sources */,
				B94A7EE228B5FEDA004D0554 /* SplashView.swift in Sources */,
				B93D869F289BCE98007C2AF1 /* IngredientAddDetailView.swift in Sources */,
				B969DADC28923A20003CF65B /* IngredientMainView.swift in Sources */,
				B969DAE0289246AA003CF65B /* DateCalculater.swift in Sources */,
				B92C6ED128AA3811002FB016 /* UserIngredientEditView.swift in Sources */,
				B9E640A5288BEDDA00A0C943 /* IngerdientModel.swift in Sources */,
				B9230AAC289FED1C00F7C7D2 /* DateForm.swift in Sources */,
				B9CB93C828A390B000E0A938 /* Eureka++Bundle.swift in Sources */,
				B927F4D528C9B76700FB340E /* ErrorView.swift in Sources */,
				B93D86A1289D3FC7007C2AF1 /* IngredientUserCustomView.swift in Sources */,
				B94A7ED928B22176004D0554 /* EmailForm.swift in Sources */,
				B9259D562897AC490087C537 /* RecipeDetailView.swift in Sources */,
				B94A7EE428B5FF83004D0554 /* UserAPI.swift in Sources */,
				B93B79F128DC4B07004D903C /* ExpireDateView.swift in Sources */,
				B92C6ECF28AA35AA002FB016 /* IngredientForm.swift in Sources */,
				B94A7EDE28B382F0004D0554 /* LoginModel.swift in Sources */,
				B9E640A3288BEDDA00A0C943 /* IngredientAPI.swift in Sources */,
				B93B79E028D8E5BC004D903C /* ImageLoader.swift in Sources */,
				B9DA0DAA289A33D6000E743F /* IngredientDetailView.swift in Sources */,
				B93D869B289B76E2007C2AF1 /* AddIngredientViewModel.swift in Sources */,
				B93B79EF28DC4338004D903C /* StartView.swift in Sources */,
				B9259D5C2897DD680087C537 /* IngredientIcon.swift in Sources */,
				B9DA0DAC289A4023000E743F /* IngredientAddView.swift in Sources */,
				B9230AAE28A0F1FD00F7C7D2 /* LoadingView.swift in Sources */,
				B9CB93BB28A2273000E0A938 /* LoginView.swift in Sources */,
				B9DA0DAE289A74C4000E743F /* IngredientButton.swift in Sources */,
			);
			runOnlyForDeploymentPostprocessing = 0;
		};
/* End PBXSourcesBuildPhase section */

/* Begin PBXVariantGroup section */
		B93B7A2828DC5854004D903C /* Localizable.strings */ = {
			isa = PBXVariantGroup;
			children = (
				B93B7A2728DC5854004D903C /* ko */,
				B93B7A2928DC5855004D903C /* en */,
			);
			name = Localizable.strings;
			sourceTree = "<group>";
		};
/* End PBXVariantGroup section */

/* Begin XCBuildConfiguration section */
		B98BBBD0287BE28B00A72257 /* Debug */ = {
			isa = XCBuildConfiguration;
			buildSettings = {
				ALWAYS_SEARCH_USER_PATHS = NO;
				CLANG_ANALYZER_NONNULL = YES;
				CLANG_ANALYZER_NUMBER_OBJECT_CONVERSION = YES_AGGRESSIVE;
				CLANG_CXX_LANGUAGE_STANDARD = "gnu++17";
				CLANG_ENABLE_MODULES = YES;
				CLANG_ENABLE_OBJC_ARC = YES;
				CLANG_ENABLE_OBJC_WEAK = YES;
				CLANG_WARN_BLOCK_CAPTURE_AUTORELEASING = YES;
				CLANG_WARN_BOOL_CONVERSION = YES;
				CLANG_WARN_COMMA = YES;
				CLANG_WARN_CONSTANT_CONVERSION = YES;
				CLANG_WARN_DEPRECATED_OBJC_IMPLEMENTATIONS = YES;
				CLANG_WARN_DIRECT_OBJC_ISA_USAGE = YES_ERROR;
				CLANG_WARN_DOCUMENTATION_COMMENTS = YES;
				CLANG_WARN_EMPTY_BODY = YES;
				CLANG_WARN_ENUM_CONVERSION = YES;
				CLANG_WARN_INFINITE_RECURSION = YES;
				CLANG_WARN_INT_CONVERSION = YES;
				CLANG_WARN_NON_LITERAL_NULL_CONVERSION = YES;
				CLANG_WARN_OBJC_IMPLICIT_RETAIN_SELF = YES;
				CLANG_WARN_OBJC_LITERAL_CONVERSION = YES;
				CLANG_WARN_OBJC_ROOT_CLASS = YES_ERROR;
				CLANG_WARN_QUOTED_INCLUDE_IN_FRAMEWORK_HEADER = YES;
				CLANG_WARN_RANGE_LOOP_ANALYSIS = YES;
				CLANG_WARN_STRICT_PROTOTYPES = YES;
				CLANG_WARN_SUSPICIOUS_MOVE = YES;
				CLANG_WARN_UNGUARDED_AVAILABILITY = YES_AGGRESSIVE;
				CLANG_WARN_UNREACHABLE_CODE = YES;
				CLANG_WARN__DUPLICATE_METHOD_MATCH = YES;
				COPY_PHASE_STRIP = NO;
				DEBUG_INFORMATION_FORMAT = dwarf;
				EMBED_ASSET_PACKS_IN_PRODUCT_BUNDLE = YES;
				ENABLE_STRICT_OBJC_MSGSEND = YES;
				ENABLE_TESTABILITY = YES;
				GCC_C_LANGUAGE_STANDARD = gnu11;
				GCC_DYNAMIC_NO_PIC = NO;
				GCC_NO_COMMON_BLOCKS = YES;
				GCC_OPTIMIZATION_LEVEL = 0;
				GCC_PREPROCESSOR_DEFINITIONS = (
					"DEBUG=1",
					"$(inherited)",
				);
				GCC_WARN_64_TO_32_BIT_CONVERSION = YES;
				GCC_WARN_ABOUT_RETURN_TYPE = YES_ERROR;
				GCC_WARN_UNDECLARED_SELECTOR = YES;
				GCC_WARN_UNINITIALIZED_AUTOS = YES_AGGRESSIVE;
				GCC_WARN_UNUSED_FUNCTION = YES;
				GCC_WARN_UNUSED_VARIABLE = YES;
				IPHONEOS_DEPLOYMENT_TARGET = 14.0;
				MTL_ENABLE_DEBUG_INFO = INCLUDE_SOURCE;
				MTL_FAST_MATH = YES;
				ONLY_ACTIVE_ARCH = YES;
				SDKROOT = iphoneos;
				SWIFT_ACTIVE_COMPILATION_CONDITIONS = DEBUG;
				SWIFT_OPTIMIZATION_LEVEL = "-Onone";
			};
			name = Debug;
		};
		B98BBBD1287BE28B00A72257 /* Release */ = {
			isa = XCBuildConfiguration;
			buildSettings = {
				ALWAYS_SEARCH_USER_PATHS = NO;
				CLANG_ANALYZER_NONNULL = YES;
				CLANG_ANALYZER_NUMBER_OBJECT_CONVERSION = YES_AGGRESSIVE;
				CLANG_CXX_LANGUAGE_STANDARD = "gnu++17";
				CLANG_ENABLE_MODULES = YES;
				CLANG_ENABLE_OBJC_ARC = YES;
				CLANG_ENABLE_OBJC_WEAK = YES;
				CLANG_WARN_BLOCK_CAPTURE_AUTORELEASING = YES;
				CLANG_WARN_BOOL_CONVERSION = YES;
				CLANG_WARN_COMMA = YES;
				CLANG_WARN_CONSTANT_CONVERSION = YES;
				CLANG_WARN_DEPRECATED_OBJC_IMPLEMENTATIONS = YES;
				CLANG_WARN_DIRECT_OBJC_ISA_USAGE = YES_ERROR;
				CLANG_WARN_DOCUMENTATION_COMMENTS = YES;
				CLANG_WARN_EMPTY_BODY = YES;
				CLANG_WARN_ENUM_CONVERSION = YES;
				CLANG_WARN_INFINITE_RECURSION = YES;
				CLANG_WARN_INT_CONVERSION = YES;
				CLANG_WARN_NON_LITERAL_NULL_CONVERSION = YES;
				CLANG_WARN_OBJC_IMPLICIT_RETAIN_SELF = YES;
				CLANG_WARN_OBJC_LITERAL_CONVERSION = YES;
				CLANG_WARN_OBJC_ROOT_CLASS = YES_ERROR;
				CLANG_WARN_QUOTED_INCLUDE_IN_FRAMEWORK_HEADER = YES;
				CLANG_WARN_RANGE_LOOP_ANALYSIS = YES;
				CLANG_WARN_STRICT_PROTOTYPES = YES;
				CLANG_WARN_SUSPICIOUS_MOVE = YES;
				CLANG_WARN_UNGUARDED_AVAILABILITY = YES_AGGRESSIVE;
				CLANG_WARN_UNREACHABLE_CODE = YES;
				CLANG_WARN__DUPLICATE_METHOD_MATCH = YES;
				COPY_PHASE_STRIP = NO;
				DEBUG_INFORMATION_FORMAT = "dwarf-with-dsym";
				EMBED_ASSET_PACKS_IN_PRODUCT_BUNDLE = YES;
				ENABLE_NS_ASSERTIONS = NO;
				ENABLE_STRICT_OBJC_MSGSEND = YES;
				GCC_C_LANGUAGE_STANDARD = gnu11;
				GCC_NO_COMMON_BLOCKS = YES;
				GCC_WARN_64_TO_32_BIT_CONVERSION = YES;
				GCC_WARN_ABOUT_RETURN_TYPE = YES_ERROR;
				GCC_WARN_UNDECLARED_SELECTOR = YES;
				GCC_WARN_UNINITIALIZED_AUTOS = YES_AGGRESSIVE;
				GCC_WARN_UNUSED_FUNCTION = YES;
				GCC_WARN_UNUSED_VARIABLE = YES;
				IPHONEOS_DEPLOYMENT_TARGET = 14.0;
				MTL_ENABLE_DEBUG_INFO = NO;
				MTL_FAST_MATH = YES;
				SDKROOT = iphoneos;
				SWIFT_COMPILATION_MODE = wholemodule;
				SWIFT_OPTIMIZATION_LEVEL = "-O";
				VALIDATE_PRODUCT = YES;
			};
			name = Release;
		};
		B98BBBD3287BE28B00A72257 /* Debug */ = {
			isa = XCBuildConfiguration;
			baseConfigurationReference = 6E869B50A14055ABC3E2D4A5 /* Pods-Eureka.debug.xcconfig */;
			buildSettings = {
				ASSETCATALOG_COMPILER_APPICON_NAME = AppIcon;
				ASSETCATALOG_COMPILER_GLOBAL_ACCENT_COLOR_NAME = AccentColor;
				ASSETCATALOG_COMPILER_INCLUDE_ALL_APPICON_ASSETS = NO;
				CODE_SIGN_ENTITLEMENTS = Eureka/Eureka.entitlements;
				CODE_SIGN_STYLE = Automatic;
				CURRENT_PROJECT_VERSION = 1;
				DEVELOPMENT_ASSET_PATHS = "\"Eureka/Preview Content\"";
				DEVELOPMENT_TEAM = PF6QF5WXTK;
				EMBED_ASSET_PACKS_IN_PRODUCT_BUNDLE = NO;
				ENABLE_PREVIEWS = YES;
				GENERATE_INFOPLIST_FILE = YES;
				INFOPLIST_FILE = Eureka/Info.plist;
				INFOPLIST_KEY_UIApplicationSceneManifest_Generation = YES;
				INFOPLIST_KEY_UIApplicationSupportsIndirectInputEvents = YES;
				INFOPLIST_KEY_UILaunchScreen_Generation = YES;
				INFOPLIST_KEY_UILaunchStoryboardName = "Launch Screen";
				INFOPLIST_KEY_UISupportedInterfaceOrientations_iPad = UIInterfaceOrientationPortrait;
				INFOPLIST_KEY_UISupportedInterfaceOrientations_iPhone = UIInterfaceOrientationPortrait;
				IPHONEOS_DEPLOYMENT_TARGET = 15.0;
				LD_RUNPATH_SEARCH_PATHS = (
					"$(inherited)",
					"@executable_path/Frameworks",
				);
				MARKETING_VERSION = 1.0;
				PRODUCT_BUNDLE_IDENTIFIER = soma13.teamProject.Eureka;
				PRODUCT_NAME = "$(TARGET_NAME)";
				SWIFT_EMIT_LOC_STRINGS = YES;
				SWIFT_VERSION = 5.0;
				TARGETED_DEVICE_FAMILY = 1;
			};
			name = Debug;
		};
		B98BBBD4287BE28B00A72257 /* Release */ = {
			isa = XCBuildConfiguration;
			baseConfigurationReference = F41597E0EB1F34FBE8ECE86B /* Pods-Eureka.release.xcconfig */;
			buildSettings = {
				ASSETCATALOG_COMPILER_APPICON_NAME = AppIcon;
				ASSETCATALOG_COMPILER_GLOBAL_ACCENT_COLOR_NAME = AccentColor;
				ASSETCATALOG_COMPILER_INCLUDE_ALL_APPICON_ASSETS = NO;
				CODE_SIGN_ENTITLEMENTS = Eureka/Eureka.entitlements;
				CODE_SIGN_STYLE = Automatic;
				CURRENT_PROJECT_VERSION = 1;
				DEVELOPMENT_ASSET_PATHS = "\"Eureka/Preview Content\"";
				DEVELOPMENT_TEAM = PF6QF5WXTK;
				EMBED_ASSET_PACKS_IN_PRODUCT_BUNDLE = NO;
				ENABLE_PREVIEWS = YES;
				GENERATE_INFOPLIST_FILE = YES;
				INFOPLIST_FILE = Eureka/Info.plist;
				INFOPLIST_KEY_UIApplicationSceneManifest_Generation = YES;
				INFOPLIST_KEY_UIApplicationSupportsIndirectInputEvents = YES;
				INFOPLIST_KEY_UILaunchScreen_Generation = YES;
				INFOPLIST_KEY_UILaunchStoryboardName = "Launch Screen";
				INFOPLIST_KEY_UISupportedInterfaceOrientations_iPad = UIInterfaceOrientationPortrait;
				INFOPLIST_KEY_UISupportedInterfaceOrientations_iPhone = UIInterfaceOrientationPortrait;
				IPHONEOS_DEPLOYMENT_TARGET = 15.0;
				LD_RUNPATH_SEARCH_PATHS = (
					"$(inherited)",
					"@executable_path/Frameworks",
				);
				MARKETING_VERSION = 1.0;
				PRODUCT_BUNDLE_IDENTIFIER = soma13.teamProject.Eureka;
				PRODUCT_NAME = "$(TARGET_NAME)";
				SWIFT_EMIT_LOC_STRINGS = YES;
				SWIFT_VERSION = 5.0;
				TARGETED_DEVICE_FAMILY = 1;
			};
			name = Release;
		};
/* End XCBuildConfiguration section */

/* Begin XCConfigurationList section */
		B98BBBBF287BE28900A72257 /* Build configuration list for PBXProject "Eureka" */ = {
			isa = XCConfigurationList;
			buildConfigurations = (
				B98BBBD0287BE28B00A72257 /* Debug */,
				B98BBBD1287BE28B00A72257 /* Release */,
			);
			defaultConfigurationIsVisible = 0;
			defaultConfigurationName = Release;
		};
		B98BBBD2287BE28B00A72257 /* Build configuration list for PBXNativeTarget "Eureka" */ = {
			isa = XCConfigurationList;
			buildConfigurations = (
				B98BBBD3287BE28B00A72257 /* Debug */,
				B98BBBD4287BE28B00A72257 /* Release */,
			);
			defaultConfigurationIsVisible = 0;
			defaultConfigurationName = Release;
		};
/* End XCConfigurationList section */
	};
	rootObject = B98BBBBC287BE28900A72257 /* Project object */;
}
